
Microsoft Visual Studio Solution File, Format Version 12.00
# Visual Studio 15
Project("{FAE04EC0-301F-11D3-BF4B-00C04F79EFBC}") = "BradTut", "BradTut\BradTut.csproj", "{A7524239-5C94-47EC-ACE7-6EA1E06BC22D}"
EndProject
Global
	GlobalSection(SolutionConfigurationPlatforms) = preSolution
		Debug|anycpu = Debug|anycpu
		Release|anycpu = Release|anycpu
	EndGlobalSection
	GlobalSection(ProjectConfigurationPlatforms) = postSolution
		{A7524239-5C94-47EC-ACE7-6EA1E06BC22D}.Debug|anycpu.ActiveCfg = Debug|anycpu
		{A7524239-5C94-47EC-ACE7-6EA1E06BC22D}.Debug|anycpu.Build.0 = Debug|anycpu
		{A7524239-5C94-47EC-ACE7-6EA1E06BC22D}.Release|anycpu.ActiveCfg = Release|anycpu
		{A7524239-5C94-47EC-ACE7-6EA1E06BC22D}.Release|anycpu.Build.0 = Release|anycpu
	EndGlobalSection
EndGlobal
